
Microsoft Visual Studio Solution File, Format Version 12.00
# Visual Studio Version 17
VisualStudioVersion = 17.11.35312.102
MinimumVisualStudioVersion = 10.0.40219.1
Project("{9A19103F-16F7-4668-BE54-9A1E7A4F7556}") = "3", "Площадь и обьем шара\3.csproj", "{66B286FC-24A3-45E0-B836-36B6536FAA44}"
EndProject
Global
	GlobalSection(SolutionConfigurationPlatforms) = preSolution
		Debug|Any CPU = Debug|Any CPU
		Release|Any CPU = Release|Any CPU
	EndGlobalSection
	GlobalSection(ProjectConfigurationPlatforms) = postSolution
		{66B286FC-24A3-45E0-B836-36B6536FAA44}.Debug|Any CPU.ActiveCfg = Debug|Any CPU
		{66B286FC-24A3-45E0-B836-36B6536FAA44}.Debug|Any CPU.Build.0 = Debug|Any CPU
		{66B286FC-24A3-45E0-B836-36B6536FAA44}.Release|Any CPU.ActiveCfg = Release|Any CPU
		{66B286FC-24A3-45E0-B836-36B6536FAA44}.Release|Any CPU.Build.0 = Release|Any CPU
	EndGlobalSection
	GlobalSection(SolutionProperties) = preSolution
		HideSolutionNode = FALSE
	EndGlobalSection
	GlobalSection(ExtensibilityGlobals) = postSolution
		SolutionGuid = {4CAFF082-7A81-4607-A6CB-F905397F78BB}
	EndGlobalSection
EndGlobal
